{
    "_readme": [
        "This file locks the dependencies of your project to a known state",
        "Read more about it at https://getcomposer.org/doc/01-basic-usage.md#installing-dependencies",
        "This file is @generated automatically"
    ],
    "content-hash": "e2efc5a484ae794d5c797c4b970ec392",
    "packages": [
        {
            "name": "composer/installers",
            "version": "v2.3.0",
            "source": {
                "type": "git",
                "url": "https://github.com/composer/installers.git",
                "reference": "12fb2dfe5e16183de69e784a7b84046c43d97e8e"
            },
            "dist": {
                "type": "zip",
                "url": "https://api.github.com/repos/composer/installers/zipball/12fb2dfe5e16183de69e784a7b84046c43d97e8e",
                "reference": "12fb2dfe5e16183de69e784a7b84046c43d97e8e",
                "shasum": ""
            },
            "require": {
                "composer-plugin-api": "^1.0 || ^2.0",
                "php": "^7.2 || ^8.0"
            },
            "require-dev": {
                "composer/composer": "^1.10.27 || ^2.7",
                "composer/semver": "^1.7.2 || ^3.4.0",
                "phpstan/phpstan": "^1.11",
                "phpstan/phpstan-phpunit": "^1",
                "symfony/phpunit-bridge": "^7.1.1",
                "symfony/process": "^5 || ^6 || ^7"
            },
            "type": "composer-plugin",
            "extra": {
                "class": "Composer\\Installers\\Plugin",
                "branch-alias": {
                    "dev-main": "2.x-dev"
                },
                "plugin-modifies-install-path": true
            },
            "autoload": {
                "psr-4": {
                    "Composer\\Installers\\": "src/Composer/Installers"
                }
            },
            "notification-url": "https://packagist.org/downloads/",
            "license": [
                "MIT"
            ],
            "authors": [
                {
                    "name": "Kyle Robinson Young",
                    "email": "kyle@dontkry.com",
                    "homepage": "https://github.com/shama"
                }
            ],
            "description": "A multi-framework Composer library installer",
            "homepage": "https://composer.github.io/installers/",
            "keywords": [
                "Dolibarr",
                "Eliasis",
                "Hurad",
                "ImageCMS",
                "Kanboard",
                "Lan Management System",
                "MODX Evo",
                "MantisBT",
                "Mautic",
                "Maya",
                "OXID",
                "Plentymarkets",
                "Porto",
                "RadPHP",
                "SMF",
                "Starbug",
                "Thelia",
                "Whmcs",
                "WolfCMS",
                "agl",
                "annotatecms",
                "attogram",
                "bitrix",
                "cakephp",
                "chef",
                "cockpit",
                "codeigniter",
                "concrete5",
                "concreteCMS",
                "croogo",
                "dokuwiki",
                "drupal",
                "eZ Platform",
                "elgg",
                "expressionengine",
                "fuelphp",
                "grav",
                "installer",
                "itop",
                "known",
                "kohana",
                "laravel",
                "lavalite",
                "lithium",
                "magento",
                "majima",
                "mako",
                "matomo",
                "mediawiki",
                "miaoxing",
                "modulework",
                "modx",
                "moodle",
                "osclass",
                "pantheon",
                "phpbb",
                "piwik",
                "ppi",
                "processwire",
                "puppet",
                "pxcms",
                "reindex",
                "roundcube",
                "shopware",
                "silverstripe",
                "sydes",
                "sylius",
                "tastyigniter",
                "wordpress",
                "yawik",
                "zend",
                "zikula"
            ],
            "support": {
                "issues": "https://github.com/composer/installers/issues",
                "source": "https://github.com/composer/installers/tree/v2.3.0"
            },
            "funding": [
                {
                    "url": "https://packagist.com",
                    "type": "custom"
                },
                {
                    "url": "https://github.com/composer",
                    "type": "github"
                },
                {
                    "url": "https://tidelift.com/funding/github/packagist/composer/composer",
                    "type": "tidelift"
                }
            ],
            "time": "2024-06-24T20:46:46+00:00"
        },
        {
            "name": "doubleedesign/acf-advanced-image-field",
            "version": "0.0.4",
            "dist": {
                "type": "path",
                "url": "../acf-advanced-image-field",
                "reference": "f3bb09e8c3ce31f9daf540b24fcb7ce2db6d7203"
            },
            "type": "wordpress-plugin",
            "autoload": {
                "psr-4": {
                    "Doubleedesign\\ACF\\AdvancedImageField\\": [
                        "src/",
                        "src/types"
                    ]
                }
            },
            "authors": [
                {
                    "name": "Leesa Ward",
                    "email": "leesa@doubleedesign.com.au"
                }
            ],
            "description": "Enhanced image field for Advanced Custom Fields with aspect ratio and focal point settings + real-time in-editor preview.",
            "transport-options": {
                "symlink": true,
                "relative": true
            }
        },
        {
            "name": "doubleedesign/comet-calendar",
            "version": "0.5.0",
            "dist": {
                "type": "path",
                "url": "../comet-components/packages/comet-calendar",
                "reference": "6df20a710d3744fc7e1650c59319bb86f88f3d78"
            },
            "require": {
                "php": ">=8.4"
            },
            "type": "wordpress-plugin",
            "autoload": {
                "psr-4": {
                    "Doubleedesign\\Comet\\WordPress\\Calendar\\": "src/",
                    "Doubleedesign\\Comet\\WordPress\\Calendar\\Tests\\": "tests/"
                }
            },
            "authors": [
                {
                    "name": "Leesa Ward",
                    "email": "leesa@doubleedesign.com.au"
                }
            ],
            "description": "WordPress plugin for centrally managing events and displaying them using Comet Components.",
            "homepage": "https://cometcomponents.io",
            "transport-options": {
                "symlink": true,
                "relative": true
            }
        },
        {
            "name": "doubleedesign/comet-canvas-blocks",
            "version": "0.8.0",
            "dist": {
                "type": "path",
                "url": "../comet-components/packages/comet-canvas-blocks",
                "reference": "db86b36b33e0f695351c8bd8707ecb6e6258dd06"
            },
            "type": "wordpress-theme",
            "autoload": {
                "psr-4": {
                    "Doubleedesign\\CometCanvas\\": "src"
                }
            },
            "authors": [
                {
                    "name": "Leesa Ward",
                    "email": "leesa@doubleedesign.com.au"
                }
            ],
            "description": "WordPress parent theme to support the intended implementation of Comet Components in WordPress with the block editor.",
            "homepage": "https://cometcomponents.io",
            "transport-options": {
                "symlink": true,
                "relative": true
            }
        },
        {
            "name": "doubleedesign/comet-plugin-blocks",
            "version": "0.9.0",
            "dist": {
                "type": "path",
                "url": "../comet-components/packages/comet-plugin-blocks",
                "reference": "a17c258bcbd51bc24091fac2af228f28ea1074d1"
            },
            "require": {
                "doubleedesign/comet-components-core": "dev-master",
                "php": ">=8.4"
            },
            "type": "wordpress-plugin",
            "autoload": {
                "psr-4": {
                    "Doubleedesign\\Comet\\WordPress\\": "src/"
                }
            },
            "archive": {
                "exclude": [
                    "src/*.scss",
                    "src/*.css.map"
                ]
            },
            "authors": [
                {
                    "name": "Leesa Ward",
                    "email": "leesa@doubleedesign.com.au"
                }
            ],
            "description": "WordPress plugin implementing the Comet Components library and associated block editor customisations.",
            "homepage": "https://cometcomponents.io",
            "transport-options": {
                "symlink": true,
                "relative": true
            }
        },
        {
            "name": "doubleedesign/doublee-base-plugin",
            "version": "4.3.2",
            "dist": {
                "type": "path",
                "url": "../doublee-base-plugin",
                "reference": "1bb72818b3449cd5e8c9cf346625fbabf370bbdc"
            },
            "require": {
                "php": ">=8.3"
            },
            "require-dev": {
                "brain/monkey": "^2.6",
                "pestphp/pest": "^4.3",
                "sirbrillig/spies": "^1.10"
            },
            "type": "wordpress-plugin",
            "autoload": {
                "psr-4": {
                    "Doubleedesign\\BasePlugin\\": [
                        "src/"
                    ],
                    "Doubleedesign\\BasePlugin\\Tests\\": [
                        "tests/"
                    ]
                }
            },
            "authors": [
                {
                    "name": "Leesa Ward",
                    "email": "leesa@doubleedesign.com.au"
                }
            ],
            "homepage": "https://github.com/doubleedesign/doublee-base-plugin",
            "transport-options": {
                "symlink": true,
                "relative": true
            }
        },
        {
            "name": "doubleedesign/doublee-breadcrumbs",
            "version": "2.1.0",
            "dist": {
                "type": "path",
                "url": "../doublee-breadcrumbs",
                "reference": "32d83607c0335a87dcb2c0e7266b2a586b017af5"
            },
            "require-dev": {
                "brain/monkey": "^2.6",
                "pestphp/pest": "^3.8.2"
            },
            "type": "wordpress-plugin",
            "autoload": {
                "psr-4": {
                    "Doubleedesign\\Breadcrumbs\\": "src/"
                }
            },
            "authors": [
                {
                    "name": "Leesa Ward",
                    "email": "leesa@doubleedesign.com.au"
                }
            ],
            "homepage": "https://github.com/doubleedesign/doublee-breadcrumbs",
            "transport-options": {
                "symlink": true,
                "relative": true
            }
        },
        {
            "name": "doubleedesign/doublee-ninja-markup",
            "version": "0.0.2",
            "dist": {
                "type": "path",
                "url": "../doublee-ninja-markup",
                "reference": "697b7a79711a2e7320588be2dd62f8e8a7bee437"
            },
            "type": "wordpress-plugin",
            "autoload": {
                "psr-4": {
                    "doubleedesign\\DoubleeNinjaMarkup\\": "src/"
                }
            },
            "authors": [
                {
                    "name": "Leesa Ward",
                    "email": "leesa@doubleedesign.com.au"
                }
            ],
            "description": "Overrides Ninja Forms' front-end HTML markup with BEM-style class names, and provides some base CSS to match.",
            "transport-options": {
                "symlink": true,
                "relative": true
            }
        },
        {
            "name": "doubleedesign/doublee-tinymce",
            "version": "1.0.3",
            "dist": {
                "type": "path",
                "url": "../doublee-tinymce",
                "reference": "9bed44aed2cd9a465205fcce80a530debfac7044"
            },
            "require": {
                "ext-dom": "*",
                "ext-libxml": "*"
            },
            "type": "wordpress-plugin",
            "autoload": {
                "classmap": [
                    "src/Miniblocks",
                    "src/Miniblocks/**"
                ],
                "psr-4": {
                    "Doubleedesign\\DoubleeTinymce\\": [
                        "src/",
                        "src/Miniblocks/",
                        "src/Miniblocks/ButtonGroup",
                        "src/Miniblocks/Callout",
                        "src/Miniblocks/Pullquote",
                        "src/Tables"
                    ]
                }
            },
            "authors": [
                {
                    "name": "Leesa Ward",
                    "email": "leesa@doubleedesign.com.au"
                }
            ],
            "description": "Customised configuration and plugins for WordPress/ClassicPress websites by Double-E Design.",
            "transport-options": {
                "symlink": true,
                "relative": true
            }
        },
        {
            "name": "roots/wordpress",
            "version": "7.0",
            "source": {
                "type": "git",
                "url": "https://github.com/roots/wordpress.git",
                "reference": "eb3d108f216618a858dcaed691e00e68f0ccff9f"
            },
            "dist": {
                "type": "zip",
                "url": "https://api.github.com/repos/roots/wordpress/zipball/eb3d108f216618a858dcaed691e00e68f0ccff9f",
                "reference": "eb3d108f216618a858dcaed691e00e68f0ccff9f",
                "shasum": ""
            },
            "require": {
                "roots/wordpress-core-installer": "^4.0",
                "roots/wordpress-no-content": "self.version"
            },
            "type": "metapackage",
            "notification-url": "https://packagist.org/downloads/",
            "license": [
                "MIT",
                "GPL-2.0-or-later"
            ],
            "description": "WordPress is open source software you can use to create a beautiful website, blog, or app.",
            "homepage": "https://wordpress.org/",
            "keywords": [
                "blog",
                "cms",
                "wordpress"
            ],
            "support": {
                "issues": "https://github.com/roots/wordpress/issues",
                "source": "https://github.com/roots/wordpress/tree/7.0"
            },
            "funding": [
                {
                    "url": "https://github.com/roots",
                    "type": "github"
                }
            ],
            "time": "2026-03-22T13:26:54+00:00"
        },
        {
            "name": "roots/wordpress-core-installer",
            "version": "v4.0.0",
            "source": {
                "type": "git",
                "url": "https://github.com/roots/wordpress-core-installer.git",
                "reference": "85d3589252eb93eee836facf33b54ce30c565bea"
            },
            "dist": {
                "type": "zip",
                "url": "https://api.github.com/repos/roots/wordpress-core-installer/zipball/85d3589252eb93eee836facf33b54ce30c565bea",
                "reference": "85d3589252eb93eee836facf33b54ce30c565bea",
                "shasum": ""
            },
            "require": {
                "composer-plugin-api": "^2.0",
                "php": ">=7.2.24"
            },
            "conflict": {
                "composer/installers": "<1.0.6"
            },
            "replace": {
                "johnpbloch/wordpress-core-installer": "*"
            },
            "require-dev": {
                "composer/composer": "^2.0",
                "phpunit/phpunit": "^8.5"
            },
            "type": "composer-plugin",
            "extra": {
                "class": "Roots\\Composer\\WordPressCorePlugin"
            },
            "autoload": {
                "psr-4": {
                    "Roots\\Composer\\": "src/"
                }
            },
            "notification-url": "https://packagist.org/downloads/",
            "license": [
                "GPL-2.0-or-later"
            ],
            "authors": [
                {
                    "name": "John P. Bloch",
                    "email": "me@johnpbloch.com"
                },
                {
                    "name": "Roots",
                    "email": "team@roots.io"
                }
            ],
            "description": "A Composer custom installer to handle installing WordPress as a dependency",
            "keywords": [
                "wordpress"
            ],
            "support": {
                "issues": "https://github.com/roots/wordpress-core-installer/issues",
                "source": "https://github.com/roots/wordpress-core-installer/tree/v4.0.0"
            },
            "funding": [
                {
                    "url": "https://github.com/roots",
                    "type": "github"
                }
            ],
            "time": "2026-03-22T03:17:23+00:00"
        },
        {
            "name": "roots/wordpress-no-content",
            "version": "7.0",
            "source": {
                "type": "git",
                "url": "https://github.com/WordPress/WordPress.git",
                "reference": "7.0"
            },
            "dist": {
                "type": "zip",
                "url": "https://downloads.w.org/release/wordpress-7.0-no-content.zip",
                "reference": "7.0",
                "shasum": "2ffdd31a747f68e3e5633064993997a7ce881975"
            },
            "require": {
                "php": ">= 7.4"
            },
            "provide": {
                "wordpress/core-implementation": "7.0"
            },
            "suggest": {
                "ext-curl": "Performs remote request operations.",
                "ext-dom": "Used to validate Text Widget content and to automatically configuring IIS7+.",
                "ext-exif": "Works with metadata stored in images.",
                "ext-fileinfo": "Used to detect mimetype of file uploads.",
                "ext-hash": "Used for hashing, including passwords and update packages.",
                "ext-imagick": "Provides better image quality for media uploads.",
                "ext-json": "Used for communications with other servers.",
                "ext-libsodium": "Validates Signatures and provides securely random bytes.",
                "ext-mbstring": "Used to properly handle UTF8 text.",
                "ext-mysqli": "Connects to MySQL for database interactions.",
                "ext-openssl": "Permits SSL-based connections to other hosts.",
                "ext-pcre": "Increases performance of pattern matching in code searches.",
                "ext-xml": "Used for XML parsing, such as from a third-party site.",
                "ext-zip": "Used for decompressing Plugins, Themes, and WordPress update packages."
            },
            "type": "wordpress-core",
            "notification-url": "https://packagist.org/downloads/",
            "license": [
                "GPL-2.0-or-later"
            ],
            "authors": [
                {
                    "name": "WordPress Community",
                    "homepage": "https://wordpress.org/about/"
                }
            ],
            "description": "WordPress is open source software you can use to create a beautiful website, blog, or app.",
            "homepage": "https://wordpress.org/",
            "keywords": [
                "blog",
                "cms",
                "wordpress"
            ],
            "support": {
                "docs": "https://developer.wordpress.org/",
                "forum": "https://wordpress.org/support/",
                "irc": "irc://irc.freenode.net/wordpress",
                "issues": "https://core.trac.wordpress.org/",
                "rss": "https://wordpress.org/news/feed/",
                "source": "https://core.trac.wordpress.org/browser",
                "wiki": "https://codex.wordpress.org/"
            },
            "funding": [
                {
                    "url": "https://wordpressfoundation.org/donate/",
                    "type": "other"
                }
            ],
            "time": "2026-05-20T18:34:28+00:00"
        },
        {
            "name": "wpackagist-plugin/autodescription",
            "version": "5.1.4",
            "source": {
                "type": "svn",
                "url": "https://plugins.svn.wordpress.org/autodescription/",
                "reference": "tags/5.1.4"
            },
            "dist": {
                "type": "zip",
                "url": "https://downloads.wordpress.org/plugin/autodescription.5.1.4.zip"
            },
            "require": {
                "composer/installers": "^1.0 || ^2.0"
            },
            "type": "wordpress-plugin",
            "homepage": "https://wordpress.org/plugins/autodescription/"
        },
        {
            "name": "wpackagist-plugin/google-site-kit",
            "version": "1.180.0",
            "source": {
                "type": "svn",
                "url": "https://plugins.svn.wordpress.org/google-site-kit/",
                "reference": "tags/1.180.0"
            },
            "dist": {
                "type": "zip",
                "url": "https://downloads.wordpress.org/plugin/google-site-kit.1.180.0.zip"
            },
            "require": {
                "composer/installers": "^1.0 || ^2.0"
            },
            "type": "wordpress-plugin",
            "homepage": "https://wordpress.org/plugins/google-site-kit/"
        },
        {
            "name": "wpackagist-plugin/ninja-forms",
            "version": "3.14.6",
            "source": {
                "type": "svn",
                "url": "https://plugins.svn.wordpress.org/ninja-forms/",
                "reference": "tags/3.14.6"
            },
            "dist": {
                "type": "zip",
                "url": "https://downloads.wordpress.org/plugin/ninja-forms.3.14.6.zip"
            },
            "require": {
                "composer/installers": "^1.0 || ^2.0"
            },
            "type": "wordpress-plugin",
            "homepage": "https://wordpress.org/plugins/ninja-forms/"
        },
        {
            "name": "wpackagist-plugin/simply-disable-comments",
            "version": "0.3.1",
            "source": {
                "type": "svn",
                "url": "https://plugins.svn.wordpress.org/simply-disable-comments/",
                "reference": "tags/0.3.1"
            },
            "dist": {
                "type": "zip",
                "url": "https://downloads.wordpress.org/plugin/simply-disable-comments.0.3.1.zip"
            },
            "require": {
                "composer/installers": "^1.0 || ^2.0"
            },
            "type": "wordpress-plugin",
            "homepage": "https://wordpress.org/plugins/simply-disable-comments/"
        }
    ],
    "packages-dev": [
        {
            "name": "doubleedesign/doublee-local-dev",
            "version": "dev-master",
            "dist": {
                "type": "path",
                "url": "../doublee-local-dev",
                "reference": "6e3ede7d13b52e5b7fa370be838f429129177234"
            },
            "type": "wordpress-plugin",
            "description": "Local development configuration and utilities for Double-E Design WordPress/ClassicPress projects. Should not be activated on live sites.",
            "transport-options": {
                "symlink": true,
                "relative": true
            }
        }
    ],
    "aliases": [],
    "minimum-stability": "stable",
    "stability-flags": {
        "doubleedesign/doublee-local-dev": 20
    },
    "prefer-stable": false,
    "prefer-lowest": false,
    "platform": {
        "php": ">=8.4"
    },
    "platform-dev": {},
    "plugin-api-version": "2.9.0"
}
