{
    "_readme": [
        "This file locks the dependencies of your project to a known state",
        "Read more about it at https://getcomposer.org/doc/01-basic-usage.md#installing-dependencies",
        "This file is @generated automatically"
    ],
    "content-hash": "991e35873fa1f087f9c597d00c975ad2",
    "packages": [
        {
            "name": "composer/installers",
            "version": "v2.3.0",
            "source": {
                "type": "git",
                "url": "https://github.com/composer/installers.git",
                "reference": "12fb2dfe5e16183de69e784a7b84046c43d97e8e"
            },
            "dist": {
                "type": "zip",
                "url": "https://api.github.com/repos/composer/installers/zipball/12fb2dfe5e16183de69e784a7b84046c43d97e8e",
                "reference": "12fb2dfe5e16183de69e784a7b84046c43d97e8e",
                "shasum": ""
            },
            "require": {
                "composer-plugin-api": "^1.0 || ^2.0",
                "php": "^7.2 || ^8.0"
            },
            "require-dev": {
                "composer/composer": "^1.10.27 || ^2.7",
                "composer/semver": "^1.7.2 || ^3.4.0",
                "phpstan/phpstan": "^1.11",
                "phpstan/phpstan-phpunit": "^1",
                "symfony/phpunit-bridge": "^7.1.1",
                "symfony/process": "^5 || ^6 || ^7"
            },
            "type": "composer-plugin",
            "extra": {
                "class": "Composer\\Installers\\Plugin",
                "branch-alias": {
                    "dev-main": "2.x-dev"
                },
                "plugin-modifies-install-path": true
            },
            "autoload": {
                "psr-4": {
                    "Composer\\Installers\\": "src/Composer/Installers"
                }
            },
            "notification-url": "https://packagist.org/downloads/",
            "license": [
                "MIT"
            ],
            "authors": [
                {
                    "name": "Kyle Robinson Young",
                    "email": "kyle@dontkry.com",
                    "homepage": "https://github.com/shama"
                }
            ],
            "description": "A multi-framework Composer library installer",
            "homepage": "https://composer.github.io/installers/",
            "keywords": [
                "Dolibarr",
                "Eliasis",
                "Hurad",
                "ImageCMS",
                "Kanboard",
                "Lan Management System",
                "MODX Evo",
                "MantisBT",
                "Mautic",
                "Maya",
                "OXID",
                "Plentymarkets",
                "Porto",
                "RadPHP",
                "SMF",
                "Starbug",
                "Thelia",
                "Whmcs",
                "WolfCMS",
                "agl",
                "annotatecms",
                "attogram",
                "bitrix",
                "cakephp",
                "chef",
                "cockpit",
                "codeigniter",
                "concrete5",
                "concreteCMS",
                "croogo",
                "dokuwiki",
                "drupal",
                "eZ Platform",
                "elgg",
                "expressionengine",
                "fuelphp",
                "grav",
                "installer",
                "itop",
                "known",
                "kohana",
                "laravel",
                "lavalite",
                "lithium",
                "magento",
                "majima",
                "mako",
                "matomo",
                "mediawiki",
                "miaoxing",
                "modulework",
                "modx",
                "moodle",
                "osclass",
                "pantheon",
                "phpbb",
                "piwik",
                "ppi",
                "processwire",
                "puppet",
                "pxcms",
                "reindex",
                "roundcube",
                "shopware",
                "silverstripe",
                "sydes",
                "sylius",
                "tastyigniter",
                "wordpress",
                "yawik",
                "zend",
                "zikula"
            ],
            "support": {
                "issues": "https://github.com/composer/installers/issues",
                "source": "https://github.com/composer/installers/tree/v2.3.0"
            },
            "funding": [
                {
                    "url": "https://packagist.com",
                    "type": "custom"
                },
                {
                    "url": "https://github.com/composer",
                    "type": "github"
                },
                {
                    "url": "https://tidelift.com/funding/github/packagist/composer/composer",
                    "type": "tidelift"
                }
            ],
            "time": "2024-06-24T20:46:46+00:00"
        },
        {
            "name": "doubleedesign/acf-advanced-image-field",
            "version": "dev-master",
            "source": {
                "type": "git",
                "url": "https://github.com/doubleedesign/acf-advanced-image-field.git",
                "reference": "d12b44818d8467fc40193bbfae8de57f07cf566b"
            },
            "dist": {
                "type": "zip",
                "url": "https://api.github.com/repos/doubleedesign/acf-advanced-image-field/zipball/d12b44818d8467fc40193bbfae8de57f07cf566b",
                "reference": "d12b44818d8467fc40193bbfae8de57f07cf566b",
                "shasum": ""
            },
            "default-branch": true,
            "type": "wordpress-plugin",
            "autoload": {
                "psr-4": {
                    "Doubleedesign\\ACF\\AdvancedImageField\\": [
                        "src/",
                        "src/types"
                    ]
                }
            },
            "notification-url": "https://packagist.org/downloads/",
            "authors": [
                {
                    "name": "Leesa Ward",
                    "email": "leesa@doubleedesign.com.au"
                }
            ],
            "description": "Enhanced image field for Advanced Custom Fields with aspect ratio and focal point settings + real-time in-editor preview.",
            "support": {
                "issues": "https://github.com/doubleedesign/acf-advanced-image-field/issues",
                "source": "https://github.com/doubleedesign/acf-advanced-image-field/tree/0.0.4"
            },
            "time": "2026-01-02T08:11:04+00:00"
        },
        {
            "name": "doubleedesign/comet-calendar",
            "version": "dev-master",
            "source": {
                "type": "git",
                "url": "https://github.com/doubleedesign/comet-calendar.git",
                "reference": "307cc614168a8525eb39e3bc4c5fa64577a8630e"
            },
            "dist": {
                "type": "zip",
                "url": "https://api.github.com/repos/doubleedesign/comet-calendar/zipball/307cc614168a8525eb39e3bc4c5fa64577a8630e",
                "reference": "307cc614168a8525eb39e3bc4c5fa64577a8630e",
                "shasum": ""
            },
            "require": {
                "php": ">=8.4"
            },
            "default-branch": true,
            "type": "wordpress-plugin",
            "autoload": {
                "psr-4": {
                    "Doubleedesign\\Comet\\WordPress\\Calendar\\": "src/",
                    "Doubleedesign\\Comet\\WordPress\\Calendar\\Tests\\": "tests/"
                }
            },
            "notification-url": "https://packagist.org/downloads/",
            "authors": [
                {
                    "name": "Leesa Ward",
                    "email": "leesa@doubleedesign.com.au"
                }
            ],
            "description": "WordPress plugin for centrally managing events and displaying them using Comet Components.",
            "homepage": "https://cometcomponents.io",
            "support": {
                "source": "https://github.com/doubleedesign/comet-calendar/tree/master"
            },
            "time": "2026-02-02T01:33:12+00:00"
        },
        {
            "name": "doubleedesign/comet-canvas-blocks",
            "version": "dev-master",
            "source": {
                "type": "git",
                "url": "https://github.com/doubleedesign/comet-canvas-blocks.git",
                "reference": "fe2c3358f122fea2dc9aa515981d00956d96ceb0"
            },
            "dist": {
                "type": "zip",
                "url": "https://api.github.com/repos/doubleedesign/comet-canvas-blocks/zipball/fe2c3358f122fea2dc9aa515981d00956d96ceb0",
                "reference": "fe2c3358f122fea2dc9aa515981d00956d96ceb0",
                "shasum": ""
            },
            "default-branch": true,
            "type": "wordpress-theme",
            "autoload": {
                "psr-4": {
                    "Doubleedesign\\CometCanvas\\": "src"
                }
            },
            "notification-url": "https://packagist.org/downloads/",
            "authors": [
                {
                    "name": "Leesa Ward",
                    "email": "leesa@doubleedesign.com.au"
                }
            ],
            "description": "WordPress parent theme to support the intended implementation of Comet Components in WordPress with the block editor.",
            "homepage": "https://cometcomponents.io",
            "support": {
                "issues": "https://github.com/doubleedesign/comet-canvas-blocks/issues",
                "source": "https://github.com/doubleedesign/comet-canvas-blocks/tree/master"
            },
            "time": "2026-02-02T01:33:12+00:00"
        },
        {
            "name": "doubleedesign/comet-plugin-blocks",
            "version": "dev-master",
            "source": {
                "type": "git",
                "url": "https://github.com/doubleedesign/comet-plugin-blocks.git",
                "reference": "cd58daeaeebee9531e747d1276f6a94410fbf156"
            },
            "dist": {
                "type": "zip",
                "url": "https://api.github.com/repos/doubleedesign/comet-plugin-blocks/zipball/cd58daeaeebee9531e747d1276f6a94410fbf156",
                "reference": "cd58daeaeebee9531e747d1276f6a94410fbf156",
                "shasum": ""
            },
            "require": {
                "doubleedesign/comet-components-core": "dev-master",
                "php": ">=8.4"
            },
            "default-branch": true,
            "type": "wordpress-plugin",
            "autoload": {
                "psr-4": {
                    "Doubleedesign\\Comet\\WordPress\\": "src/"
                }
            },
            "notification-url": "https://packagist.org/downloads/",
            "authors": [
                {
                    "name": "Leesa Ward",
                    "email": "leesa@doubleedesign.com.au"
                }
            ],
            "description": "WordPress plugin implementing the Comet Components library and associated block editor customisations.",
            "homepage": "https://cometcomponents.io",
            "support": {
                "issues": "https://github.com/doubleedesign/comet-plugin-blocks/issues",
                "source": "https://github.com/doubleedesign/comet-plugin-blocks/tree/master"
            },
            "time": "2026-02-08T11:15:48+00:00"
        },
        {
            "name": "doubleedesign/doublee-base-plugin",
            "version": "dev-master",
            "source": {
                "type": "git",
                "url": "https://github.com/doubleedesign/doublee-base-plugin.git",
                "reference": "ca7dbe7db2c3012f4a4fc227e7f18de37a5c6f97"
            },
            "dist": {
                "type": "zip",
                "url": "https://api.github.com/repos/doubleedesign/doublee-base-plugin/zipball/ca7dbe7db2c3012f4a4fc227e7f18de37a5c6f97",
                "reference": "ca7dbe7db2c3012f4a4fc227e7f18de37a5c6f97",
                "shasum": ""
            },
            "require": {
                "php": ">=8.3"
            },
            "require-dev": {
                "brain/monkey": "^2.6",
                "pestphp/pest": "^4.3",
                "sirbrillig/spies": "^1.10"
            },
            "default-branch": true,
            "type": "wordpress-plugin",
            "autoload": {
                "psr-4": {
                    "Doubleedesign\\BasePlugin\\": [
                        "src/"
                    ],
                    "Doubleedesign\\BasePlugin\\Tests\\": [
                        "tests/"
                    ]
                }
            },
            "notification-url": "https://packagist.org/downloads/",
            "authors": [
                {
                    "name": "Leesa Ward",
                    "email": "leesa@doubleedesign.com.au"
                }
            ],
            "homepage": "https://github.com/doubleedesign/doublee-base-plugin",
            "support": {
                "issues": "https://github.com/doubleedesign/doublee-base-plugin/issues",
                "source": "https://github.com/doubleedesign/doublee-base-plugin/tree/master"
            },
            "time": "2026-02-01T23:34:16+00:00"
        },
        {
            "name": "doubleedesign/doublee-breadcrumbs",
            "version": "dev-main",
            "source": {
                "type": "git",
                "url": "https://github.com/doubleedesign/doublee-breadcrumbs.git",
                "reference": "c78d8583e9df26fb647c2948fa7fee2a56374d74"
            },
            "dist": {
                "type": "zip",
                "url": "https://api.github.com/repos/doubleedesign/doublee-breadcrumbs/zipball/c78d8583e9df26fb647c2948fa7fee2a56374d74",
                "reference": "c78d8583e9df26fb647c2948fa7fee2a56374d74",
                "shasum": ""
            },
            "require-dev": {
                "brain/monkey": "^2.6",
                "pestphp/pest": "^3.8.2"
            },
            "default-branch": true,
            "type": "wordpress-plugin",
            "autoload": {
                "psr-4": {
                    "Doubleedesign\\Breadcrumbs\\": "src/"
                }
            },
            "notification-url": "https://packagist.org/downloads/",
            "authors": [
                {
                    "name": "Leesa Ward",
                    "email": "leesa@doubleedesign.com.au"
                }
            ],
            "homepage": "https://github.com/doubleedesign/doublee-breadcrumbs",
            "support": {
                "issues": "https://github.com/doubleedesign/doublee-breadcrumbs/issues",
                "source": "https://github.com/doubleedesign/doublee-breadcrumbs/tree/main"
            },
            "funding": [
                {
                    "url": "https://paypal.me/doubleedesign",
                    "type": "custom"
                }
            ],
            "time": "2025-12-20T00:03:06+00:00"
        },
        {
            "name": "doubleedesign/doublee-ninja-markup",
            "version": "dev-master",
            "source": {
                "type": "git",
                "url": "https://github.com/doubleedesign/doublee-ninja-markup.git",
                "reference": "276c1d067f520b9b938ef7c57635077450379b55"
            },
            "dist": {
                "type": "zip",
                "url": "https://api.github.com/repos/doubleedesign/doublee-ninja-markup/zipball/276c1d067f520b9b938ef7c57635077450379b55",
                "reference": "276c1d067f520b9b938ef7c57635077450379b55",
                "shasum": ""
            },
            "default-branch": true,
            "type": "wordpress-plugin",
            "autoload": {
                "psr-4": {
                    "doubleedesign\\DoubleeNinjaMarkup\\": "src/"
                }
            },
            "notification-url": "https://packagist.org/downloads/",
            "authors": [
                {
                    "name": "Leesa Ward",
                    "email": "leesa@doubleedesign.com.au"
                }
            ],
            "description": "Overrides Ninja Forms' front-end HTML markup with BEM-style class names, and provides some base CSS to match.",
            "support": {
                "issues": "https://github.com/doubleedesign/doublee-ninja-markup/issues",
                "source": "https://github.com/doubleedesign/doublee-ninja-markup/tree/master"
            },
            "time": "2025-12-31T09:03:18+00:00"
        },
        {
            "name": "doubleedesign/doublee-tinymce",
            "version": "dev-master",
            "source": {
                "type": "git",
                "url": "https://github.com/doubleedesign/doublee-tinymce.git",
                "reference": "56f3a6904253f3358887c1af866dcf5ee39d49e5"
            },
            "dist": {
                "type": "zip",
                "url": "https://api.github.com/repos/doubleedesign/doublee-tinymce/zipball/56f3a6904253f3358887c1af866dcf5ee39d49e5",
                "reference": "56f3a6904253f3358887c1af866dcf5ee39d49e5",
                "shasum": ""
            },
            "require": {
                "ext-dom": "*",
                "ext-libxml": "*"
            },
            "require-dev": {
                "brain/monkey": "^2.6",
                "pestphp/pest": "^4.2",
                "sirbrillig/spies": "^1.10"
            },
            "default-branch": true,
            "type": "wordpress-plugin",
            "autoload": {
                "psr-4": {
                    "Doubleedesign\\DoubleeTinymce\\": [
                        "src/",
                        "src/Miniblocks/",
                        "src/Miniblocks/ButtonGroup",
                        "src/Miniblocks/Callout",
                        "src/Miniblocks/Pullquote",
                        "src/Tables"
                    ],
                    "Doubleedesign\\DoubleeTinymce\\Tests\\": [
                        "tests/"
                    ]
                },
                "classmap": [
                    "src/Miniblocks/",
                    "src/Miniblocks/**/",
                    "tests/"
                ]
            },
            "notification-url": "https://packagist.org/downloads/",
            "authors": [
                {
                    "name": "Leesa Ward",
                    "email": "leesa@doubleedesign.com.au"
                }
            ],
            "description": "Customised configuration and plugins for WordPress/ClassicPress websites by Double-E Design.",
            "support": {
                "issues": "https://github.com/doubleedesign/doublee-tinymce/issues",
                "source": "https://github.com/doubleedesign/doublee-tinymce/tree/master"
            },
            "time": "2026-02-01T04:02:30+00:00"
        },
        {
            "name": "johnpbloch/wordpress",
            "version": "6.9.1",
            "source": {
                "type": "git",
                "url": "https://github.com/johnpbloch/wordpress.git",
                "reference": "46b4f217817e43cf49f4dbb824f0b755fcff11ee"
            },
            "dist": {
                "type": "zip",
                "url": "https://api.github.com/repos/johnpbloch/wordpress/zipball/46b4f217817e43cf49f4dbb824f0b755fcff11ee",
                "reference": "46b4f217817e43cf49f4dbb824f0b755fcff11ee",
                "shasum": ""
            },
            "require": {
                "johnpbloch/wordpress-core": "6.9.1",
                "johnpbloch/wordpress-core-installer": "^1.0 || ^2.0",
                "php": ">=7.0.0"
            },
            "type": "package",
            "notification-url": "https://packagist.org/downloads/",
            "license": [
                "GPL-2.0-or-later"
            ],
            "authors": [
                {
                    "name": "WordPress Community",
                    "homepage": "https://wordpress.org/about/"
                }
            ],
            "description": "WordPress is open source software you can use to create a beautiful website, blog, or app.",
            "homepage": "https://wordpress.org/",
            "keywords": [
                "blog",
                "cms",
                "wordpress"
            ],
            "support": {
                "docs": "https://developer.wordpress.org/",
                "forum": "https://wordpress.org/support/",
                "irc": "irc://irc.freenode.net/wordpress",
                "issues": "https://core.trac.wordpress.org/",
                "source": "https://core.trac.wordpress.org/browser"
            },
            "time": "2026-02-03T18:03:53+00:00"
        },
        {
            "name": "johnpbloch/wordpress-core",
            "version": "6.9.1",
            "source": {
                "type": "git",
                "url": "https://github.com/johnpbloch/wordpress-core.git",
                "reference": "840ffab74cb3d19cc0076363358f783041b5f3cf"
            },
            "dist": {
                "type": "zip",
                "url": "https://api.github.com/repos/johnpbloch/wordpress-core/zipball/840ffab74cb3d19cc0076363358f783041b5f3cf",
                "reference": "840ffab74cb3d19cc0076363358f783041b5f3cf",
                "shasum": ""
            },
            "require": {
                "ext-json": "*",
                "php": ">=7.2.24"
            },
            "provide": {
                "wordpress/core-implementation": "6.9.1"
            },
            "type": "wordpress-core",
            "notification-url": "https://packagist.org/downloads/",
            "license": [
                "GPL-2.0-or-later"
            ],
            "authors": [
                {
                    "name": "WordPress Community",
                    "homepage": "https://wordpress.org/about/"
                }
            ],
            "description": "WordPress is open source software you can use to create a beautiful website, blog, or app.",
            "homepage": "https://wordpress.org/",
            "keywords": [
                "blog",
                "cms",
                "wordpress"
            ],
            "support": {
                "forum": "https://wordpress.org/support/",
                "irc": "irc://irc.freenode.net/wordpress",
                "issues": "https://core.trac.wordpress.org/",
                "source": "https://core.trac.wordpress.org/browser",
                "wiki": "https://codex.wordpress.org/"
            },
            "time": "2026-02-03T18:03:48+00:00"
        },
        {
            "name": "johnpbloch/wordpress-core-installer",
            "version": "2.0.0",
            "source": {
                "type": "git",
                "url": "https://github.com/johnpbloch/wordpress-core-installer.git",
                "reference": "237faae9a60a4a2e1d45dce1a5836ffa616de63e"
            },
            "dist": {
                "type": "zip",
                "url": "https://api.github.com/repos/johnpbloch/wordpress-core-installer/zipball/237faae9a60a4a2e1d45dce1a5836ffa616de63e",
                "reference": "237faae9a60a4a2e1d45dce1a5836ffa616de63e",
                "shasum": ""
            },
            "require": {
                "composer-plugin-api": "^1.0 || ^2.0",
                "php": ">=5.6.0"
            },
            "conflict": {
                "composer/installers": "<1.0.6"
            },
            "require-dev": {
                "composer/composer": "^1.0 || ^2.0",
                "phpunit/phpunit": ">=5.7.27"
            },
            "type": "composer-plugin",
            "extra": {
                "class": "johnpbloch\\Composer\\WordPressCorePlugin"
            },
            "autoload": {
                "psr-0": {
                    "johnpbloch\\Composer\\": "src/"
                }
            },
            "notification-url": "https://packagist.org/downloads/",
            "license": [
                "GPL-2.0-or-later"
            ],
            "authors": [
                {
                    "name": "John P. Bloch",
                    "email": "me@johnpbloch.com"
                }
            ],
            "description": "A custom installer to handle deploying WordPress with composer",
            "keywords": [
                "wordpress"
            ],
            "support": {
                "issues": "https://github.com/johnpbloch/wordpress-core-installer/issues",
                "source": "https://github.com/johnpbloch/wordpress-core-installer/tree/master"
            },
            "time": "2020-04-16T21:44:57+00:00"
        },
        {
            "name": "wpackagist-plugin/autodescription",
            "version": "dev-trunk",
            "source": {
                "type": "svn",
                "url": "https://plugins.svn.wordpress.org/autodescription/",
                "reference": "trunk"
            },
            "dist": {
                "type": "zip",
                "url": "https://downloads.wordpress.org/plugin/autodescription.zip?timestamp=1765381627"
            },
            "require": {
                "composer/installers": "^1.0 || ^2.0"
            },
            "type": "wordpress-plugin",
            "homepage": "https://wordpress.org/plugins/autodescription/",
            "time": "2025-12-10T15:47:07+00:00"
        },
        {
            "name": "wpackagist-plugin/ninja-forms",
            "version": "dev-trunk",
            "source": {
                "type": "svn",
                "url": "https://plugins.svn.wordpress.org/ninja-forms/",
                "reference": "trunk"
            },
            "dist": {
                "type": "zip",
                "url": "https://downloads.wordpress.org/plugin/ninja-forms.zip?timestamp=1770302763"
            },
            "require": {
                "composer/installers": "^1.0 || ^2.0"
            },
            "type": "wordpress-plugin",
            "homepage": "https://wordpress.org/plugins/ninja-forms/",
            "time": "2026-02-05T14:46:03+00:00"
        },
        {
            "name": "wpackagist-plugin/simply-disable-comments",
            "version": "dev-trunk",
            "source": {
                "type": "svn",
                "url": "https://plugins.svn.wordpress.org/simply-disable-comments/",
                "reference": "trunk"
            },
            "dist": {
                "type": "zip",
                "url": "https://downloads.wordpress.org/plugin/simply-disable-comments.zip?timestamp=1763716172"
            },
            "require": {
                "composer/installers": "^1.0 || ^2.0"
            },
            "type": "wordpress-plugin",
            "homepage": "https://wordpress.org/plugins/simply-disable-comments/",
            "time": "2025-11-21T09:09:32+00:00"
        }
    ],
    "packages-dev": [
        {
            "name": "doubleedesign/doublee-local-dev",
            "version": "dev-master",
            "source": {
                "type": "git",
                "url": "https://github.com/doubleedesign/doublee-local-dev.git",
                "reference": "6e3ede7d13b52e5b7fa370be838f429129177234"
            },
            "dist": {
                "type": "zip",
                "url": "https://api.github.com/repos/doubleedesign/doublee-local-dev/zipball/6e3ede7d13b52e5b7fa370be838f429129177234",
                "reference": "6e3ede7d13b52e5b7fa370be838f429129177234",
                "shasum": ""
            },
            "default-branch": true,
            "type": "wordpress-plugin",
            "description": "Local development configuration and utilities for Double-E Design WordPress/ClassicPress projects. Should not be activated on live sites.",
            "support": {
                "source": "https://github.com/doubleedesign/doublee-local-dev/tree/master",
                "issues": "https://github.com/doubleedesign/doublee-local-dev/issues"
            },
            "time": "2026-01-03T23:50:48+00:00"
        }
    ],
    "aliases": [],
    "minimum-stability": "stable",
    "stability-flags": {
        "doubleedesign/acf-advanced-image-field": 20,
        "doubleedesign/comet-calendar": 20,
        "doubleedesign/comet-canvas-blocks": 20,
        "doubleedesign/comet-plugin-blocks": 20,
        "doubleedesign/doublee-base-plugin": 20,
        "doubleedesign/doublee-breadcrumbs": 20,
        "doubleedesign/doublee-local-dev": 20,
        "doubleedesign/doublee-ninja-markup": 20,
        "doubleedesign/doublee-tinymce": 20,
        "wpackagist-plugin/autodescription": 20,
        "wpackagist-plugin/ninja-forms": 20,
        "wpackagist-plugin/simply-disable-comments": 20
    },
    "prefer-stable": false,
    "prefer-lowest": false,
    "platform": {
        "php": ">=8.4"
    },
    "platform-dev": {},
    "plugin-api-version": "2.9.0"
}
