{
    "_readme": [
        "This file locks the dependencies of your project to a known state",
        "Read more about it at https://getcomposer.org/doc/01-basic-usage.md#installing-dependencies",
        "This file is @generated automatically"
    ],
    "content-hash": "0a9de6ac2e7861a5d10709787f6f5e0a",
    "packages": [
        {
            "name": "composer/installers",
            "version": "v2.3.0",
            "source": {
                "type": "git",
                "url": "https://github.com/composer/installers.git",
                "reference": "12fb2dfe5e16183de69e784a7b84046c43d97e8e"
            },
            "dist": {
                "type": "zip",
                "url": "https://api.github.com/repos/composer/installers/zipball/12fb2dfe5e16183de69e784a7b84046c43d97e8e",
                "reference": "12fb2dfe5e16183de69e784a7b84046c43d97e8e",
                "shasum": ""
            },
            "require": {
                "composer-plugin-api": "^1.0 || ^2.0",
                "php": "^7.2 || ^8.0"
            },
            "require-dev": {
                "composer/composer": "^1.10.27 || ^2.7",
                "composer/semver": "^1.7.2 || ^3.4.0",
                "phpstan/phpstan": "^1.11",
                "phpstan/phpstan-phpunit": "^1",
                "symfony/phpunit-bridge": "^7.1.1",
                "symfony/process": "^5 || ^6 || ^7"
            },
            "type": "composer-plugin",
            "extra": {
                "class": "Composer\\Installers\\Plugin",
                "branch-alias": {
                    "dev-main": "2.x-dev"
                },
                "plugin-modifies-install-path": true
            },
            "autoload": {
                "psr-4": {
                    "Composer\\Installers\\": "src/Composer/Installers"
                }
            },
            "notification-url": "https://packagist.org/downloads/",
            "license": [
                "MIT"
            ],
            "authors": [
                {
                    "name": "Kyle Robinson Young",
                    "email": "kyle@dontkry.com",
                    "homepage": "https://github.com/shama"
                }
            ],
            "description": "A multi-framework Composer library installer",
            "homepage": "https://composer.github.io/installers/",
            "keywords": [
                "Dolibarr",
                "Eliasis",
                "Hurad",
                "ImageCMS",
                "Kanboard",
                "Lan Management System",
                "MODX Evo",
                "MantisBT",
                "Mautic",
                "Maya",
                "OXID",
                "Plentymarkets",
                "Porto",
                "RadPHP",
                "SMF",
                "Starbug",
                "Thelia",
                "Whmcs",
                "WolfCMS",
                "agl",
                "annotatecms",
                "attogram",
                "bitrix",
                "cakephp",
                "chef",
                "cockpit",
                "codeigniter",
                "concrete5",
                "concreteCMS",
                "croogo",
                "dokuwiki",
                "drupal",
                "eZ Platform",
                "elgg",
                "expressionengine",
                "fuelphp",
                "grav",
                "installer",
                "itop",
                "known",
                "kohana",
                "laravel",
                "lavalite",
                "lithium",
                "magento",
                "majima",
                "mako",
                "matomo",
                "mediawiki",
                "miaoxing",
                "modulework",
                "modx",
                "moodle",
                "osclass",
                "pantheon",
                "phpbb",
                "piwik",
                "ppi",
                "processwire",
                "puppet",
                "pxcms",
                "reindex",
                "roundcube",
                "shopware",
                "silverstripe",
                "sydes",
                "sylius",
                "tastyigniter",
                "wordpress",
                "yawik",
                "zend",
                "zikula"
            ],
            "support": {
                "issues": "https://github.com/composer/installers/issues",
                "source": "https://github.com/composer/installers/tree/v2.3.0"
            },
            "funding": [
                {
                    "url": "https://packagist.com",
                    "type": "custom"
                },
                {
                    "url": "https://github.com/composer",
                    "type": "github"
                },
                {
                    "url": "https://tidelift.com/funding/github/packagist/composer/composer",
                    "type": "tidelift"
                }
            ],
            "time": "2024-06-24T20:46:46+00:00"
        },
        {
            "name": "doubleedesign/acf-advanced-image-field",
            "version": "0.0.3",
            "dist": {
                "type": "path",
                "url": "../acf-advanced-image-field",
                "reference": "d12b44818d8467fc40193bbfae8de57f07cf566b"
            },
            "type": "wordpress-plugin",
            "autoload": {
                "psr-4": {
                    "Doubleedesign\\ACF\\AdvancedImageField\\": [
                        "src/",
                        "src/types"
                    ]
                }
            },
            "authors": [
                {
                    "name": "Leesa Ward",
                    "email": "leesa@doubleedesign.com.au"
                }
            ],
            "description": "Enhanced image field for Advanced Custom Fields with aspect ratio and focal point settings + real-time in-editor preview.",
            "transport-options": {
                "symlink": true,
                "relative": true
            }
        },
        {
            "name": "doubleedesign/comet-calendar",
            "version": "0.0.4",
            "dist": {
                "type": "path",
                "url": "../comet-components/packages/comet-calendar",
                "reference": "b5d567000c2ad46d6508e34d21c372ad7a3aa685"
            },
            "require": {
                "php": ">=8.4"
            },
            "type": "wordpress-plugin",
            "autoload": {
                "psr-4": {
                    "Doubleedesign\\Comet\\WordPress\\Calendar\\": "src/",
                    "Doubleedesign\\Comet\\WordPress\\Calendar\\Tests\\": "tests/"
                }
            },
            "authors": [
                {
                    "name": "Leesa Ward",
                    "email": "leesa@doubleedesign.com.au"
                }
            ],
            "description": "WordPress plugin for centrally managing events and displaying them using Comet Components.",
            "homepage": "https://cometcomponents.io",
            "transport-options": {
                "symlink": true,
                "relative": true
            }
        },
        {
            "name": "doubleedesign/comet-canvas-blocks",
            "version": "0.7.0",
            "dist": {
                "type": "path",
                "url": "../comet-components/packages/comet-canvas-blocks",
                "reference": "83c113020a2acfa126c07252c558ea844f0f0f55"
            },
            "type": "wordpress-theme",
            "autoload": {
                "psr-4": {
                    "Doubleedesign\\CometCanvas\\": "src"
                }
            },
            "authors": [
                {
                    "name": "Leesa Ward",
                    "email": "leesa@doubleedesign.com.au"
                }
            ],
            "description": "WordPress parent theme to support the intended implementation of Comet Components in WordPress with the block editor.",
            "homepage": "https://cometcomponents.io",
            "transport-options": {
                "symlink": true,
                "relative": true
            }
        },
        {
            "name": "doubleedesign/comet-plugin-blocks",
            "version": "0.6.0",
            "dist": {
                "type": "path",
                "url": "../comet-components/packages/comet-plugin-blocks",
                "reference": "9e66156ecf3aea5d7f08082194a1811850fc6f1a"
            },
            "require": {
                "doubleedesign/comet-components-core": "dev-master",
                "php": ">=8.4"
            },
            "type": "wordpress-plugin",
            "autoload": {
                "psr-4": {
                    "Doubleedesign\\Comet\\WordPress\\": "src/"
                }
            },
            "archive": {
                "exclude": [
                    "src/*.scss",
                    "src/*.css.map"
                ]
            },
            "authors": [
                {
                    "name": "Leesa Ward",
                    "email": "leesa@doubleedesign.com.au"
                }
            ],
            "description": "WordPress plugin implementing the Comet Components library and associated block editor customisations.",
            "homepage": "https://cometcomponents.io",
            "transport-options": {
                "symlink": true,
                "relative": true
            }
        },
        {
            "name": "doubleedesign/doublee-base-plugin",
            "version": "4.1.1",
            "dist": {
                "type": "path",
                "url": "../doublee-base-plugin",
                "reference": "ca7dbe7db2c3012f4a4fc227e7f18de37a5c6f97"
            },
            "require": {
                "php": ">=8.3"
            },
            "require-dev": {
                "brain/monkey": "^2.6",
                "pestphp/pest": "^4.3",
                "sirbrillig/spies": "^1.10"
            },
            "type": "wordpress-plugin",
            "autoload": {
                "psr-4": {
                    "Doubleedesign\\BasePlugin\\": [
                        "src/"
                    ],
                    "Doubleedesign\\BasePlugin\\Tests\\": [
                        "tests/"
                    ]
                }
            },
            "authors": [
                {
                    "name": "Leesa Ward",
                    "email": "leesa@doubleedesign.com.au"
                }
            ],
            "homepage": "https://github.com/doubleedesign/doublee-base-plugin",
            "transport-options": {
                "symlink": true,
                "relative": true
            }
        },
        {
            "name": "doubleedesign/doublee-breadcrumbs",
            "version": "2.0.0",
            "dist": {
                "type": "path",
                "url": "../doublee-breadcrumbs",
                "reference": "c78d8583e9df26fb647c2948fa7fee2a56374d74"
            },
            "require-dev": {
                "brain/monkey": "^2.6",
                "pestphp/pest": "^3.8.2"
            },
            "type": "wordpress-plugin",
            "autoload": {
                "psr-4": {
                    "Doubleedesign\\Breadcrumbs\\": "src/"
                }
            },
            "authors": [
                {
                    "name": "Leesa Ward",
                    "email": "leesa@doubleedesign.com.au"
                }
            ],
            "homepage": "https://github.com/doubleedesign/doublee-breadcrumbs",
            "transport-options": {
                "symlink": true,
                "relative": true
            }
        },
        {
            "name": "doubleedesign/doublee-ninja-markup",
            "version": "0.0.1",
            "dist": {
                "type": "path",
                "url": "../doublee-ninja-markup",
                "reference": "276c1d067f520b9b938ef7c57635077450379b55"
            },
            "type": "wordpress-plugin",
            "autoload": {
                "psr-4": {
                    "doubleedesign\\DoubleeNinjaMarkup\\": "src/"
                }
            },
            "authors": [
                {
                    "name": "Leesa Ward",
                    "email": "leesa@doubleedesign.com.au"
                }
            ],
            "description": "Overrides Ninja Forms' front-end HTML markup with BEM-style class names, and provides some base CSS to match.",
            "transport-options": {
                "symlink": true,
                "relative": true
            }
        },
        {
            "name": "doubleedesign/doublee-tinymce",
            "version": "1.0.1",
            "dist": {
                "type": "path",
                "url": "../doublee-tinymce",
                "reference": "0bdb097ea12d7d918df36c0e13c1e43123db5e5d"
            },
            "require": {
                "ext-dom": "*",
                "ext-libxml": "*"
            },
            "type": "wordpress-plugin",
            "autoload": {
                "classmap": [
                    "src/Miniblocks",
                    "src/Miniblocks/**"
                ],
                "psr-4": {
                    "Doubleedesign\\DoubleeTinymce\\": [
                        "src/",
                        "src/Miniblocks/",
                        "src/Miniblocks/ButtonGroup",
                        "src/Miniblocks/Callout",
                        "src/Miniblocks/Pullquote",
                        "src/Tables"
                    ]
                }
            },
            "authors": [
                {
                    "name": "Leesa Ward",
                    "email": "leesa@doubleedesign.com.au"
                }
            ],
            "description": "Customised configuration and plugins for WordPress/ClassicPress websites by Double-E Design.",
            "transport-options": {
                "symlink": true,
                "relative": true
            }
        },
        {
            "name": "roots/wordpress",
            "version": "6.9.1",
            "source": {
                "type": "git",
                "url": "https://github.com/roots/wordpress.git",
                "reference": "29e4eb49b2f4c591e39d4eb6705a27cf1ea40e45"
            },
            "dist": {
                "type": "zip",
                "url": "https://api.github.com/repos/roots/wordpress/zipball/29e4eb49b2f4c591e39d4eb6705a27cf1ea40e45",
                "reference": "29e4eb49b2f4c591e39d4eb6705a27cf1ea40e45",
                "shasum": ""
            },
            "require": {
                "roots/wordpress-core-installer": "^3.0",
                "roots/wordpress-no-content": "self.version"
            },
            "type": "metapackage",
            "notification-url": "https://packagist.org/downloads/",
            "license": [
                "MIT",
                "GPL-2.0-or-later"
            ],
            "description": "WordPress is open source software you can use to create a beautiful website, blog, or app.",
            "homepage": "https://wordpress.org/",
            "keywords": [
                "blog",
                "cms",
                "wordpress"
            ],
            "support": {
                "issues": "https://github.com/roots/wordpress/issues",
                "source": "https://github.com/roots/wordpress/tree/6.9.1"
            },
            "funding": [
                {
                    "url": "https://github.com/roots",
                    "type": "github"
                }
            ],
            "time": "2025-05-23T18:54:22+00:00"
        },
        {
            "name": "roots/wordpress-core-installer",
            "version": "3.0.0",
            "source": {
                "type": "git",
                "url": "https://github.com/roots/wordpress-core-installer.git",
                "reference": "714d2e2a9e523f6e7bde4810d5a04aedf0ec217f"
            },
            "dist": {
                "type": "zip",
                "url": "https://api.github.com/repos/roots/wordpress-core-installer/zipball/714d2e2a9e523f6e7bde4810d5a04aedf0ec217f",
                "reference": "714d2e2a9e523f6e7bde4810d5a04aedf0ec217f",
                "shasum": ""
            },
            "require": {
                "composer-plugin-api": "^1.0 || ^2.0",
                "php": ">=7.2.24"
            },
            "conflict": {
                "composer/installers": "<1.0.6"
            },
            "replace": {
                "johnpbloch/wordpress-core-installer": "*"
            },
            "require-dev": {
                "composer/composer": "^1.0 || ^2.0",
                "phpunit/phpunit": "^8.5"
            },
            "type": "composer-plugin",
            "extra": {
                "class": "Roots\\Composer\\WordPressCorePlugin"
            },
            "autoload": {
                "psr-4": {
                    "Roots\\Composer\\": "src/"
                }
            },
            "notification-url": "https://packagist.org/downloads/",
            "license": [
                "GPL-2.0-or-later"
            ],
            "authors": [
                {
                    "name": "John P. Bloch",
                    "email": "me@johnpbloch.com"
                },
                {
                    "name": "Roots",
                    "email": "team@roots.io"
                }
            ],
            "description": "A Composer custom installer to handle installing WordPress as a dependency",
            "keywords": [
                "wordpress"
            ],
            "support": {
                "issues": "https://github.com/roots/wordpress-core-installer/issues",
                "source": "https://github.com/roots/wordpress-core-installer/tree/3.0.0"
            },
            "funding": [
                {
                    "url": "https://github.com/roots",
                    "type": "github"
                }
            ],
            "time": "2025-05-23T18:47:25+00:00"
        },
        {
            "name": "roots/wordpress-no-content",
            "version": "6.9.1",
            "source": {
                "type": "git",
                "url": "https://github.com/WordPress/WordPress.git",
                "reference": "6.9.1"
            },
            "dist": {
                "type": "zip",
                "url": "https://downloads.wordpress.org/release/wordpress-6.9.1-no-content.zip",
                "reference": "6.9.1",
                "shasum": "27121719e788b7c9e35cfcf8984ad8b42bd423d6"
            },
            "require": {
                "php": ">= 7.2.24"
            },
            "provide": {
                "wordpress/core-implementation": "6.9.1"
            },
            "suggest": {
                "ext-curl": "Performs remote request operations.",
                "ext-dom": "Used to validate Text Widget content and to automatically configuring IIS7+.",
                "ext-exif": "Works with metadata stored in images.",
                "ext-fileinfo": "Used to detect mimetype of file uploads.",
                "ext-hash": "Used for hashing, including passwords and update packages.",
                "ext-imagick": "Provides better image quality for media uploads.",
                "ext-json": "Used for communications with other servers.",
                "ext-libsodium": "Validates Signatures and provides securely random bytes.",
                "ext-mbstring": "Used to properly handle UTF8 text.",
                "ext-mysqli": "Connects to MySQL for database interactions.",
                "ext-openssl": "Permits SSL-based connections to other hosts.",
                "ext-pcre": "Increases performance of pattern matching in code searches.",
                "ext-xml": "Used for XML parsing, such as from a third-party site.",
                "ext-zip": "Used for decompressing Plugins, Themes, and WordPress update packages."
            },
            "type": "wordpress-core",
            "notification-url": "https://packagist.org/downloads/",
            "license": [
                "GPL-2.0-or-later"
            ],
            "authors": [
                {
                    "name": "WordPress Community",
                    "homepage": "https://wordpress.org/about/"
                }
            ],
            "description": "WordPress is open source software you can use to create a beautiful website, blog, or app.",
            "homepage": "https://wordpress.org/",
            "keywords": [
                "blog",
                "cms",
                "wordpress"
            ],
            "support": {
                "docs": "https://developer.wordpress.org/",
                "forum": "https://wordpress.org/support/",
                "irc": "irc://irc.freenode.net/wordpress",
                "issues": "https://core.trac.wordpress.org/",
                "rss": "https://wordpress.org/news/feed/",
                "source": "https://core.trac.wordpress.org/browser",
                "wiki": "https://codex.wordpress.org/"
            },
            "funding": [
                {
                    "url": "https://wordpressfoundation.org/donate/",
                    "type": "other"
                }
            ],
            "time": "2026-02-03T17:39:17+00:00"
        },
        {
            "name": "wpackagist-plugin/autodescription",
            "version": "dev-trunk",
            "source": {
                "type": "svn",
                "url": "https://plugins.svn.wordpress.org/autodescription/",
                "reference": "trunk"
            },
            "dist": {
                "type": "zip",
                "url": "https://downloads.wordpress.org/plugin/autodescription.zip?timestamp=1765381627"
            },
            "require": {
                "composer/installers": "^1.0 || ^2.0"
            },
            "type": "wordpress-plugin",
            "homepage": "https://wordpress.org/plugins/autodescription/",
            "time": "2025-12-10T15:47:07+00:00"
        },
        {
            "name": "wpackagist-plugin/ninja-forms",
            "version": "dev-trunk",
            "source": {
                "type": "svn",
                "url": "https://plugins.svn.wordpress.org/ninja-forms/",
                "reference": "trunk"
            },
            "dist": {
                "type": "zip",
                "url": "https://downloads.wordpress.org/plugin/ninja-forms.zip?timestamp=1770302763"
            },
            "require": {
                "composer/installers": "^1.0 || ^2.0"
            },
            "type": "wordpress-plugin",
            "homepage": "https://wordpress.org/plugins/ninja-forms/",
            "time": "2026-02-05T14:46:03+00:00"
        },
        {
            "name": "wpackagist-plugin/simply-disable-comments",
            "version": "dev-trunk",
            "source": {
                "type": "svn",
                "url": "https://plugins.svn.wordpress.org/simply-disable-comments/",
                "reference": "trunk"
            },
            "dist": {
                "type": "zip",
                "url": "https://downloads.wordpress.org/plugin/simply-disable-comments.zip?timestamp=1763716172"
            },
            "require": {
                "composer/installers": "^1.0 || ^2.0"
            },
            "type": "wordpress-plugin",
            "homepage": "https://wordpress.org/plugins/simply-disable-comments/",
            "time": "2025-11-21T09:09:32+00:00"
        }
    ],
    "packages-dev": [
        {
            "name": "doubleedesign/doublee-local-dev",
            "version": "dev-master",
            "dist": {
                "type": "path",
                "url": "../doublee-local-dev",
                "reference": "6e3ede7d13b52e5b7fa370be838f429129177234"
            },
            "type": "wordpress-plugin",
            "description": "Local development configuration and utilities for Double-E Design WordPress/ClassicPress projects. Should not be activated on live sites.",
            "transport-options": {
                "symlink": true,
                "relative": true
            }
        }
    ],
    "aliases": [],
    "minimum-stability": "stable",
    "stability-flags": {
        "doubleedesign/doublee-local-dev": 20,
        "wpackagist-plugin/autodescription": 20,
        "wpackagist-plugin/ninja-forms": 20,
        "wpackagist-plugin/simply-disable-comments": 20
    },
    "prefer-stable": false,
    "prefer-lowest": false,
    "platform": {
        "php": ">=8.4"
    },
    "platform-dev": {},
    "plugin-api-version": "2.9.0"
}
